
Microsoft Visual Studio Solution File, Format Version 12.00
# Visual Studio Version 16
VisualStudioVersion = 16.0.30204.135
MinimumVisualStudioVersion = 10.0.40219.1
Project("{FAE04EC0-301F-11D3-BF4B-00C04F79EFBC}") = "CookTime.Android", "CookTime.Android\CookTime.Android.csproj", "{BF6C47E8-A12A-42D5-9452-255702CA16D7}"
EndProject
Project("{9A19103F-16F7-4668-BE54-9A1E7A4F7556}") = "CookTime", "CookTime\CookTime.csproj", "{B22200F3-568F-40AB-86A2-6A6D6854D076}"
EndProject
Project("{2150E333-8FDC-42A3-9474-1A3956D46DE8}") = "Solution Items", "Solution Items", "{12401401-392B-4FED-943E-067E0E58B307}"
	ProjectSection(SolutionItems) = preProject
		.editorconfig = .editorconfig
	EndProjectSection
EndProject
Global
	GlobalSection(SolutionConfigurationPlatforms) = preSolution
		Debug|Any CPU = Debug|Any CPU
		Release|Any CPU = Release|Any CPU
	EndGlobalSection
	GlobalSection(ProjectConfigurationPlatforms) = postSolution
		{BF6C47E8-A12A-42D5-9452-255702CA16D7}.Debug|Any CPU.ActiveCfg = Debug|Any CPU
		{BF6C47E8-A12A-42D5-9452-255702CA16D7}.Debug|Any CPU.Build.0 = Debug|Any CPU
		{BF6C47E8-A12A-42D5-9452-255702CA16D7}.Debug|Any CPU.Deploy.0 = Debug|Any CPU
		{BF6C47E8-A12A-42D5-9452-255702CA16D7}.Release|Any CPU.ActiveCfg = Release|Any CPU
		{BF6C47E8-A12A-42D5-9452-255702CA16D7}.Release|Any CPU.Build.0 = Release|Any CPU
		{BF6C47E8-A12A-42D5-9452-255702CA16D7}.Release|Any CPU.Deploy.0 = Release|Any CPU
		{B22200F3-568F-40AB-86A2-6A6D6854D076}.Debug|Any CPU.ActiveCfg = Debug|Any CPU
		{B22200F3-568F-40AB-86A2-6A6D6854D076}.Debug|Any CPU.Build.0 = Debug|Any CPU
		{B22200F3-568F-40AB-86A2-6A6D6854D076}.Debug|Any CPU.Deploy.0 = Debug|Any CPU
		{B22200F3-568F-40AB-86A2-6A6D6854D076}.Release|Any CPU.ActiveCfg = Release|Any CPU
		{B22200F3-568F-40AB-86A2-6A6D6854D076}.Release|Any CPU.Build.0 = Release|Any CPU
		{B22200F3-568F-40AB-86A2-6A6D6854D076}.Release|Any CPU.Deploy.0 = Release|Any CPU
	EndGlobalSection
	GlobalSection(SolutionProperties) = preSolution
		HideSolutionNode = FALSE
	EndGlobalSection
	GlobalSection(ExtensibilityGlobals) = postSolution
		SolutionGuid = {07681201-629D-480C-A068-43CC5DC9BF33}
	EndGlobalSection
EndGlobal
